
Microsoft Visual Studio Solution File, Format Version 12.00
# Visual Studio Version 16
VisualStudioVersion = 16.0.31613.86
MinimumVisualStudioVersion = 10.0.40219.1
Project("{FAE04EC0-301F-11D3-BF4B-00C04F79EFBC}") = "CarRental", "CarRental.csproj", "{D22E21FF-492A-4737-93F1-524C9B17F4A0}"
EndProject
Global
	GlobalSection(SolutionConfigurationPlatforms) = preSolution
		Debug|Any CPU = Debug|Any CPU
		Release|Any CPU = Release|Any CPU
	EndGlobalSection
	GlobalSection(ProjectConfigurationPlatforms) = postSolution
		{D22E21FF-492A-4737-93F1-524C9B17F4A0}.Debug|Any CPU.ActiveCfg = Debug|Any CPU
		{D22E21FF-492A-4737-93F1-524C9B17F4A0}.Debug|Any CPU.Build.0 = Debug|Any CPU
		{D22E21FF-492A-4737-93F1-524C9B17F4A0}.Release|Any CPU.ActiveCfg = Release|Any CPU
		{D22E21FF-492A-4737-93F1-524C9B17F4A0}.Release|Any CPU.Build.0 = Release|Any CPU
	EndGlobalSection
	GlobalSection(SolutionProperties) = preSolution
		HideSolutionNode = FALSE
	EndGlobalSection
	GlobalSection(ExtensibilityGlobals) = postSolution
		SolutionGuid = {A62338CE-5DDE-4F8E-8B3F-747FBCEC69C8}
	EndGlobalSection
EndGlobal
